// !$*UTF8*$!
{
	archiveVersion = 1;
	classes = {
	};
	objectVersion = 55;
	objects = {

/* Begin PBXBuildFile section */
		03FD512C280885C600487A8B /* AppDelegate.swift in Sources */ = {isa = PBXBuildFile; fileRef = 03FD512B280885C600487A8B /* AppDelegate.swift */; };
		03FD512E280885C600487A8B /* SceneDelegate.swift in Sources */ = {isa = PBXBuildFile; fileRef = 03FD512D280885C600487A8B /* SceneDelegate.swift */; };
		03FD5130280885C600487A8B /* ViewController.swift in Sources */ = {isa = PBXBuildFile; fileRef = 03FD512F280885C600487A8B /* ViewController.swift */; };
		03FD5133280885C600487A8B /* Main.storyboard in Resources */ = {isa = PBXBuildFile; fileRef = 03FD5131280885C600487A8B /* Main.storyboard */; };
		03FD5136280885C600487A8B /* one_lab_hw_1.xcdatamodeld in Sources */ = {isa = PBXBuildFile; fileRef = 03FD5134280885C600487A8B /* one_lab_hw_1.xcdatamodeld */; };
		03FD5138280885C800487A8B /* Assets.xcassets in Resources */ = {isa = PBXBuildFile; fileRef = 03FD5137280885C800487A8B /* Assets.xcassets */; };
		03FD513B280885C800487A8B /* LaunchScreen.storyboard in Resources */ = {isa = PBXBuildFile; fileRef = 03FD5139280885C800487A8B /* LaunchScreen.storyboard */; };
		03FD5146280885C800487A8B /* one_lab_hw_1Tests.swift in Sources */ = {isa = PBXBuildFile; fileRef = 03FD5145280885C800487A8B /* one_lab_hw_1Tests.swift */; };
		03FD5150280885C900487A8B /* one_lab_hw_1UITests.swift in Sources */ = {isa = PBXBuildFile; fileRef = 03FD514F280885C900487A8B /* one_lab_hw_1UITests.swift */; };
		03FD5152280885C900487A8B /* one_lab_hw_1UITestsLaunchTests.swift in Sources */ = {isa = PBXBuildFile; fileRef = 03FD5151280885C900487A8B /* one_lab_hw_1UITestsLaunchTests.swift */; };
/* End PBXBuildFile section */

/* Begin PBXContainerItemProxy section */
		03FD5142280885C800487A8B /* PBXContainerItemProxy */ = {
			isa = PBXContainerItemProxy;
			containerPortal = 03FD5120280885C600487A8B /* Project object */;
			proxyType = 1;
			remoteGlobalIDString = 03FD5127280885C600487A8B;
			remoteInfo = "one-lab-hw-1";
		};
		03FD514C280885C900487A8B /* PBXContainerItemProxy */ = {
			isa = PBXContainerItemProxy;
			containerPortal = 03FD5120280885C600487A8B /* Project object */;
			proxyType = 1;
			remoteGlobalIDString = 03FD5127280885C600487A8B;
			remoteInfo = "one-lab-hw-1";
		};
/* End PBXContainerItemProxy section */

/* Begin PBXFileReference section */
		03FD5128280885C600487A8B /* one-lab-hw-1.app */ = {isa = PBXFileReference; explicitFileType = wrapper.application; includeInIndex = 0; path = "one-lab-hw-1.app"; sourceTree = BUILT_PRODUCTS_DIR; };
		03FD512B280885C600487A8B /* AppDelegate.swift */ = {isa = PBXFileReference; lastKnownFileType = sourcecode.swift; path = AppDelegate.swift; sourceTree = "<group>"; };
		03FD512D280885C600487A8B /* SceneDelegate.swift */ = {isa = PBXFileReference; lastKnownFileType = sourcecode.swift; path = SceneDelegate.swift; sourceTree = "<group>"; };
		03FD512F280885C600487A8B /* ViewController.swift */ = {isa = PBXFileReference; lastKnownFileType = sourcecode.swift; path = ViewController.swift; sourceTree = "<group>"; };
		03FD5132280885C600487A8B /* Base */ = {isa = PBXFileReference; lastKnownFileType = file.storyboard; name = Base; path = Base.lproj/Main.storyboard; sourceTree = "<group>"; };
		03FD5135280885C600487A8B /* one_lab_hw_1.xcdatamodel */ = {isa = PBXFileReference; lastKnownFileType = wrapper.xcdatamodel; path = one_lab_hw_1.xcdatamodel; sourceTree = "<group>"; };
		03FD5137280885C800487A8B /* Assets.xcassets */ = {isa = PBXFileReference; lastKnownFileType = folder.assetcatalog; path = Assets.xcassets; sourceTree = "<group>"; };
		03FD513A280885C800487A8B /* Base */ = {isa = PBXFileReference; lastKnownFileType = file.storyboard; name = Base; path = Base.lproj/LaunchScreen.storyboard; sourceTree = "<group>"; };
		03FD513C280885C800487A8B /* Info.plist */ = {isa = PBXFileReference; lastKnownFileType = text.plist.xml; path = Info.plist; sourceTree = "<group>"; };
		03FD5141280885C800487A8B /* one-lab-hw-1Tests.xctest */ = {isa = PBXFileReference; explicitFileType = wrapper.cfbundle; includeInIndex = 0; path = "one-lab-hw-1Tests.xctest"; sourceTree = BUILT_PRODUCTS_DIR; };
		03FD5145280885C800487A8B /* one_lab_hw_1Tests.swift */ = {isa = PBXFileReference; lastKnownFileType = sourcecode.swift; path = one_lab_hw_1Tests.swift; sourceTree = "<group>"; };
		03FD514B280885C900487A8B /* one-lab-hw-1UITests.xctest */ = {isa = PBXFileReference; explicitFileType = wrapper.cfbundle; includeInIndex = 0; path = "one-lab-hw-1UITests.xctest"; sourceTree = BUILT_PRODUCTS_DIR; };
		03FD514F280885C900487A8B /* one_lab_hw_1UITests.swift */ = {isa = PBXFileReference; lastKnownFileType = sourcecode.swift; path = one_lab_hw_1UITests.swift; sourceTree = "<group>"; };
		03FD5151280885C900487A8B /* one_lab_hw_1UITestsLaunchTests.swift */ = {isa = PBXFileReference; lastKnownFileType = sourcecode.swift; path = one_lab_hw_1UITestsLaunchTests.swift; sourceTree = "<group>"; };
/* End PBXFileReference section */

/* Begin PBXFrameworksBuildPhase section */
		03FD5125280885C600487A8B /* Frameworks */ = {
			isa = PBXFrameworksBuildPhase;
			buildActionMask = 2147483647;
			files = (
			);
			runOnlyForDeploymentPostprocessing = 0;
		};
		03FD513E280885C800487A8B /* Frameworks */ = {
			isa = PBXFrameworksBuildPhase;
			buildActionMask = 2147483647;
			files = (
			);
			runOnlyForDeploymentPostprocessing = 0;
		};
		03FD5148280885C900487A8B /* Frameworks */ = {
			isa = PBXFrameworksBuildPhase;
			buildActionMask = 2147483647;
			files = (
			);
			runOnlyForDeploymentPostprocessing = 0;
		};
/* End PBXFrameworksBuildPhase section */

/* Begin PBXGroup section */
		03FD511F280885C600487A8B = {
			isa = PBXGroup;
			children = (
				03FD512A280885C600487A8B /* one-lab-hw-1 */,
				03FD5144280885C800487A8B /* one-lab-hw-1Tests */,
				03FD514E280885C900487A8B /* one-lab-hw-1UITests */,
				03FD5129280885C600487A8B /* Products */,
			);
			sourceTree = "<group>";
		};
		03FD5129280885C600487A8B /* Products */ = {
			isa = PBXGroup;
			children = (
				03FD5128280885C600487A8B /* one-lab-hw-1.app */,
				03FD5141280885C800487A8B /* one-lab-hw-1Tests.xctest */,
				03FD514B280885C900487A8B /* one-lab-hw-1UITests.xctest */,
			);
			name = Products;
			sourceTree = "<group>";
		};
		03FD512A280885C600487A8B /* one-lab-hw-1 */ = {
			isa = PBXGroup;
			children = (
				03FD512B280885C600487A8B /* AppDelegate.swift */,
				03FD512D280885C600487A8B /* SceneDelegate.swift */,
				03FD512F280885C600487A8B /* ViewController.swift */,
				03FD5131280885C600487A8B /* Main.storyboard */,
				03FD5137280885C800487A8B /* Assets.xcassets */,
				03FD5139280885C800487A8B /* LaunchScreen.storyboard */,
				03FD513C280885C800487A8B /* Info.plist */,
				03FD5134280885C600487A8B /* one_lab_hw_1.xcdatamodeld */,
			);
			path = "one-lab-hw-1";
			sourceTree = "<group>";
		};
		03FD5144280885C800487A8B /* one-lab-hw-1Tests */ = {
			isa = PBXGroup;
			children = (
				03FD5145280885C800487A8B /* one_lab_hw_1Tests.swift */,
			);
			path = "one-lab-hw-1Tests";
			sourceTree = "<group>";
		};
		03FD514E280885C900487A8B /* one-lab-hw-1UITests */ = {
			isa = PBXGroup;
			children = (
				03FD514F280885C900487A8B /* one_lab_hw_1UITests.swift */,
				03FD5151280885C900487A8B /* one_lab_hw_1UITestsLaunchTests.swift */,
			);
			path = "one-lab-hw-1UITests";
			sourceTree = "<group>";
		};
/* End PBXGroup section */

/* Begin PBXNativeTarget section */
		03FD5127280885C600487A8B /* one-lab-hw-1 */ = {
			isa = PBXNativeTarget;
			buildConfigurationList = 03FD5155280885C900487A8B /* Build configuration list for PBXNativeTarget "one-lab-hw-1" */;
			buildPhases = (
				03FD5124280885C600487A8B /* Sources */,
				03FD5125280885C600487A8B /* Frameworks */,
				03FD5126280885C600487A8B /* Resources */,
			);
			buildRules = (
			);
			dependencies = (
			);
			name = "one-lab-hw-1";
			productName = "one-lab-hw-1";
			productReference = 03FD5128280885C600487A8B /* one-lab-hw-1.app */;
			productType = "com.apple.product-type.application";
		};
		03FD5140280885C800487A8B /* one-lab-hw-1Tests */ = {
			isa = PBXNativeTarget;
			buildConfigurationList = 03FD5158280885C900487A8B /* Build configuration list for PBXNativeTarget "one-lab-hw-1Tests" */;
			buildPhases = (
				03FD513D280885C800487A8B /* Sources */,
				03FD513E280885C800487A8B /* Frameworks */,
				03FD513F280885C800487A8B /* Resources */,
			);
			buildRules = (
			);
			dependencies = (
				03FD5143280885C800487A8B /* PBXTargetDependency */,
			);
			name = "one-lab-hw-1Tests";
			productName = "one-lab-hw-1Tests";
			productReference = 03FD5141280885C800487A8B /* one-lab-hw-1Tests.xctest */;
			productType = "com.apple.product-type.bundle.unit-test";
		};
		03FD514A280885C900487A8B /* one-lab-hw-1UITests */ = {
			isa = PBXNativeTarget;
			buildConfigurationList = 03FD515B280885C900487A8B /* Build configuration list for PBXNativeTarget "one-lab-hw-1UITests" */;
			buildPhases = (
				03FD5147280885C900487A8B /* Sources */,
				03FD5148280885C900487A8B /* Frameworks */,
				03FD5149280885C900487A8B /* Resources */,
			);
			buildRules = (
			);
			dependencies = (
				03FD514D280885C900487A8B /* PBXTargetDependency */,
			);
			name = "one-lab-hw-1UITests";
			productName = "one-lab-hw-1UITests";
			productReference = 03FD514B280885C900487A8B /* one-lab-hw-1UITests.xctest */;
			productType = "com.apple.product-type.bundle.ui-testing";
		};
/* End PBXNativeTarget section */

/* Begin PBXProject section */
		03FD5120280885C600487A8B /* Project object */ = {
			isa = PBXProject;
			attributes = {
				BuildIndependentTargetsInParallel = 1;
				LastSwiftUpdateCheck = 1330;
				LastUpgradeCheck = 1330;
				TargetAttributes = {
					03FD5127280885C600487A8B = {
						CreatedOnToolsVersion = 13.3;
					};
					03FD5140280885C800487A8B = {
						CreatedOnToolsVersion = 13.3;
						TestTargetID = 03FD5127280885C600487A8B;
					};
					03FD514A280885C900487A8B = {
						CreatedOnToolsVersion = 13.3;
						TestTargetID = 03FD5127280885C600487A8B;
					};
				};
			};
			buildConfigurationList = 03FD5123280885C600487A8B /* Build configuration list for PBXProject "one-lab-hw-1" */;
			compatibilityVersion = "Xcode 13.0";
			developmentRegion = en;
			hasScannedForEncodings = 0;
			knownRegions = (
				en,
				Base,
			);
			mainGroup = 03FD511F280885C600487A8B;
			productRefGroup = 03FD5129280885C600487A8B /* Products */;
			projectDirPath = "";
			projectRoot = "";
			targets = (
				03FD5127280885C600487A8B /* one-lab-hw-1 */,
				03FD5140280885C800487A8B /* one-lab-hw-1Tests */,
				03FD514A280885C900487A8B /* one-lab-hw-1UITests */,
			);
		};
/* End PBXProject section */

/* Begin PBXResourcesBuildPhase section */
		03FD5126280885C600487A8B /* Resources */ = {
			isa = PBXResourcesBuildPhase;
			buildActionMask = 2147483647;
			files = (
				03FD513B280885C800487A8B /* LaunchScreen.storyboard in Resources */,
				03FD5138280885C800487A8B /* Assets.xcassets in Resources */,
				03FD5133280885C600487A8B /* Main.storyboard in Resources */,
			);
			runOnlyForDeploymentPostprocessing = 0;
		};
		03FD513F280885C800487A8B /* Resources */ = {
			isa = PBXResourcesBuildPhase;
			buildActionMask = 2147483647;
			files = (
			);
			runOnlyForDeploymentPostprocessing = 0;
		};
		03FD5149280885C900487A8B /* Resources */ = {
			isa = PBXResourcesBuildPhase;
			buildActionMask = 2147483647;
			files = (
			);
			runOnlyForDeploymentPostprocessing = 0;
		};
/* End PBXResourcesBuildPhase section */

/* Begin PBXSourcesBuildPhase section */
		03FD5124280885C600487A8B /* Sources */ = {
			isa = PBXSourcesBuildPhase;
			buildActionMask = 2147483647;
			files = (
				03FD5130280885C600487A8B /* ViewController.swift in Sources */,
				03FD512C280885C600487A8B /* AppDelegate.swift in Sources */,
				03FD512E280885C600487A8B /* SceneDelegate.swift in Sources */,
				03FD5136280885C600487A8B /* one_lab_hw_1.xcdatamodeld in Sources */,
			);
			runOnlyForDeploymentPostprocessing = 0;
		};
		03FD513D280885C800487A8B /* Sources */ = {
			isa = PBXSourcesBuildPhase;
			buildActionMask = 2147483647;
			files = (
				03FD5146280885C800487A8B /* one_lab_hw_1Tests.swift in Sources */,
			);
			runOnlyForDeploymentPostprocessing = 0;
		};
		03FD5147280885C900487A8B /* Sources */ = {
			isa = PBXSourcesBuildPhase;
			buildActionMask = 2147483647;
			files = (
				03FD5152280885C900487A8B /* one_lab_hw_1UITestsLaunchTests.swift in Sources */,
				03FD5150280885C900487A8B /* one_lab_hw_1UITests.swift in Sources */,
			);
			runOnlyForDeploymentPostprocessing = 0;
		};
/* End PBXSourcesBuildPhase section */

/* Begin PBXTargetDependency section */
		03FD5143280885C800487A8B /* PBXTargetDependency */ = {
			isa = PBXTargetDependency;
			target = 03FD5127280885C600487A8B /* one-lab-hw-1 */;
			targetProxy = 03FD5142280885C800487A8B /* PBXContainerItemProxy */;
		};
		03FD514D280885C900487A8B /* PBXTargetDependency */ = {
			isa = PBXTargetDependency;
			target = 03FD5127280885C600487A8B /* one-lab-hw-1 */;
			targetProxy = 03FD514C280885C900487A8B /* PBXContainerItemProxy */;
		};
/* End PBXTargetDependency section */

/* Begin PBXVariantGroup section */
		03FD5131280885C600487A8B /* Main.storyboard */ = {
			isa = PBXVariantGroup;
			children = (
				03FD5132280885C600487A8B /* Base */,
			);
			name = Main.storyboard;
			sourceTree = "<group>";
		};
		03FD5139280885C800487A8B /* LaunchScreen.storyboard */ = {
			isa = PBXVariantGroup;
			children = (
				03FD513A280885C800487A8B /* Base */,
			);
			name = LaunchScreen.storyboard;
			sourceTree = "<group>";
		};
/* End PBXVariantGroup section */

/* Begin XCBuildConfiguration section */
		03FD5153280885C900487A8B /* Debug */ = {
			isa = XCBuildConfiguration;
			buildSettings = {
				ALWAYS_SEARCH_USER_PATHS = NO;
				CLANG_ANALYZER_NONNULL = YES;
				CLANG_ANALYZER_NUMBER_OBJECT_CONVERSION = YES_AGGRESSIVE;
				CLANG_CXX_LANGUAGE_STANDARD = "gnu++17";
				CLANG_ENABLE_MODULES = YES;
				CLANG_ENABLE_OBJC_ARC = YES;
				CLANG_ENABLE_OBJC_WEAK = YES;
				CLANG_WARN_BLOCK_CAPTURE_AUTORELEASING = YES;
				CLANG_WARN_BOOL_CONVERSION = YES;
				CLANG_WARN_COMMA = YES;
				CLANG_WARN_CONSTANT_CONVERSION = YES;
				CLANG_WARN_DEPRECATED_OBJC_IMPLEMENTATIONS = YES;
				CLANG_WARN_DIRECT_OBJC_ISA_USAGE = YES_ERROR;
				CLANG_WARN_DOCUMENTATION_COMMENTS = YES;
				CLANG_WARN_EMPTY_BODY = YES;
				CLANG_WARN_ENUM_CONVERSION = YES;
				CLANG_WARN_INFINITE_RECURSION = YES;
				CLANG_WARN_INT_CONVERSION = YES;
				CLANG_WARN_NON_LITERAL_NULL_CONVERSION = YES;
				CLANG_WARN_OBJC_IMPLICIT_RETAIN_SELF = YES;
				CLANG_WARN_OBJC_LITERAL_CONVERSION = YES;
				CLANG_WARN_OBJC_ROOT_CLASS = YES_ERROR;
				CLANG_WARN_QUOTED_INCLUDE_IN_FRAMEWORK_HEADER = YES;
				CLANG_WARN_RANGE_LOOP_ANALYSIS = YES;
				CLANG_WARN_STRICT_PROTOTYPES = YES;
				CLANG_WARN_SUSPICIOUS_MOVE = YES;
				CLANG_WARN_UNGUARDED_AVAILABILITY = YES_AGGRESSIVE;
				CLANG_WARN_UNREACHABLE_CODE = YES;
				CLANG_WARN__DUPLICATE_METHOD_MATCH = YES;
				COPY_PHASE_STRIP = NO;
				DEBUG_INFORMATION_FORMAT = dwarf;
				ENABLE_STRICT_OBJC_MSGSEND = YES;
				ENABLE_TESTABILITY = YES;
				GCC_C_LANGUAGE_STANDARD = gnu11;
				GCC_DYNAMIC_NO_PIC = NO;
				GCC_NO_COMMON_BLOCKS = YES;
				GCC_OPTIMIZATION_LEVEL = 0;
				GCC_PREPROCESSOR_DEFINITIONS = (
					"DEBUG=1",
					"$(inherited)",
				);
				GCC_WARN_64_TO_32_BIT_CONVERSION = YES;
				GCC_WARN_ABOUT_RETURN_TYPE = YES_ERROR;
				GCC_WARN_UNDECLARED_SELECTOR = YES;
				GCC_WARN_UNINITIALIZED_AUTOS = YES_AGGRESSIVE;
				GCC_WARN_UNUSED_FUNCTION = YES;
				GCC_WARN_UNUSED_VARIABLE = YES;
				IPHONEOS_DEPLOYMENT_TARGET = 15.4;
				MTL_ENABLE_DEBUG_INFO = INCLUDE_SOURCE;
				MTL_FAST_MATH = YES;
				ONLY_ACTIVE_ARCH = YES;
				SDKROOT = iphoneos;
				SWIFT_ACTIVE_COMPILATION_CONDITIONS = DEBUG;
				SWIFT_OPTIMIZATION_LEVEL = "-Onone";
			};
			name = Debug;
		};
		03FD5154280885C900487A8B /* Release */ = {
			isa = XCBuildConfiguration;
			buildSettings = {
				ALWAYS_SEARCH_USER_PATHS = NO;
				CLANG_ANALYZER_NONNULL = YES;
				CLANG_ANALYZER_NUMBER_OBJECT_CONVERSION = YES_AGGRESSIVE;
				CLANG_CXX_LANGUAGE_STANDARD = "gnu++17";
				CLANG_ENABLE_MODULES = YES;
				CLANG_ENABLE_OBJC_ARC = YES;
				CLANG_ENABLE_OBJC_WEAK = YES;
				CLANG_WARN_BLOCK_CAPTURE_AUTORELEASING = YES;
				CLANG_WARN_BOOL_CONVERSION = YES;
				CLANG_WARN_COMMA = YES;
				CLANG_WARN_CONSTANT_CONVERSION = YES;
				CLANG_WARN_DEPRECATED_OBJC_IMPLEMENTATIONS = YES;
				CLANG_WARN_DIRECT_OBJC_ISA_USAGE = YES_ERROR;
				CLANG_WARN_DOCUMENTATION_COMMENTS = YES;
				CLANG_WARN_EMPTY_BODY = YES;
				CLANG_WARN_ENUM_CONVERSION = YES;
				CLANG_WARN_INFINITE_RECURSION = YES;
				CLANG_WARN_INT_CONVERSION = YES;
				CLANG_WARN_NON_LITERAL_NULL_CONVERSION = YES;
				CLANG_WARN_OBJC_IMPLICIT_RETAIN_SELF = YES;
				CLANG_WARN_OBJC_LITERAL_CONVERSION = YES;
				CLANG_WARN_OBJC_ROOT_CLASS = YES_ERROR;
				CLANG_WARN_QUOTED_INCLUDE_IN_FRAMEWORK_HEADER = YES;
				CLANG_WARN_RANGE_LOOP_ANALYSIS = YES;
				CLANG_WARN_STRICT_PROTOTYPES = YES;
				CLANG_WARN_SUSPICIOUS_MOVE = YES;
				CLANG_WARN_UNGUARDED_AVAILABILITY = YES_AGGRESSIVE;
				CLANG_WARN_UNREACHABLE_CODE = YES;
				CLANG_WARN__DUPLICATE_METHOD_MATCH = YES;
				COPY_PHASE_STRIP = NO;
				DEBUG_INFORMATION_FORMAT = "dwarf-with-dsym";
				ENABLE_NS_ASSERTIONS = NO;
				ENABLE_STRICT_OBJC_MSGSEND = YES;
				GCC_C_LANGUAGE_STANDARD = gnu11;
				GCC_NO_COMMON_BLOCKS = YES;
				GCC_WARN_64_TO_32_BIT_CONVERSION = YES;
				GCC_WARN_ABOUT_RETURN_TYPE = YES_ERROR;
				GCC_WARN_UNDECLARED_SELECTOR = YES;
				GCC_WARN_UNINITIALIZED_AUTOS = YES_AGGRESSIVE;
				GCC_WARN_UNUSED_FUNCTION = YES;
				GCC_WARN_UNUSED_VARIABLE = YES;
				IPHONEOS_DEPLOYMENT_TARGET = 15.4;
				MTL_ENABLE_DEBUG_INFO = NO;
				MTL_FAST_MATH = YES;
				SDKROOT = iphoneos;
				SWIFT_COMPILATION_MODE = wholemodule;
				SWIFT_OPTIMIZATION_LEVEL = "-O";
				VALIDATE_PRODUCT = YES;
			};
			name = Release;
		};
		03FD5156280885C900487A8B /* Debug */ = {
			isa = XCBuildConfiguration;
			buildSettings = {
				ASSETCATALOG_COMPILER_APPICON_NAME = AppIcon;
				ASSETCATALOG_COMPILER_GLOBAL_ACCENT_COLOR_NAME = AccentColor;
				CODE_SIGN_STYLE = Automatic;
				CURRENT_PROJECT_VERSION = 1;
				GENERATE_INFOPLIST_FILE = YES;
				INFOPLIST_FILE = "one-lab-hw-1/Info.plist";
				INFOPLIST_KEY_UIApplicationSupportsIndirectInputEvents = YES;
				INFOPLIST_KEY_UILaunchStoryboardName = LaunchScreen;
				INFOPLIST_KEY_UIMainStoryboardFile = Main;
				INFOPLIST_KEY_UISupportedInterfaceOrientations_iPad = "UIInterfaceOrientationPortrait UIInterfaceOrientationPortraitUpsideDown UIInterfaceOrientationLandscapeLeft UIInterfaceOrientationLandscapeRight";
				INFOPLIST_KEY_UISupportedInterfaceOrientations_iPhone = "UIInterfaceOrientationPortrait UIInterfaceOrientationLandscapeLeft UIInterfaceOrientationLandscapeRight";
				LD_RUNPATH_SEARCH_PATHS = (
					"$(inherited)",
					"@executable_path/Frameworks",
				);
				MARKETING_VERSION = 1.0;
				PRODUCT_BUNDLE_IDENTIFIER = "aya-one-lab.one-lab-hw-1";
				PRODUCT_NAME = "$(TARGET_NAME)";
				SWIFT_EMIT_LOC_STRINGS = YES;
				SWIFT_VERSION = 5.0;
				TARGETED_DEVICE_FAMILY = "1,2";
			};
			name = Debug;
		};
		03FD5157280885C900487A8B /* Release */ = {
			isa = XCBuildConfiguration;
			buildSettings = {
				ASSETCATALOG_COMPILER_APPICON_NAME = AppIcon;
				ASSETCATALOG_COMPILER_GLOBAL_ACCENT_COLOR_NAME = AccentColor;
				CODE_SIGN_STYLE = Automatic;
				CURRENT_PROJECT_VERSION = 1;
				GENERATE_INFOPLIST_FILE = YES;
				INFOPLIST_FILE = "one-lab-hw-1/Info.plist";
				INFOPLIST_KEY_UIApplicationSupportsIndirectInputEvents = YES;
				INFOPLIST_KEY_UILaunchStoryboardName = LaunchScreen;
				INFOPLIST_KEY_UIMainStoryboardFile = Main;
				INFOPLIST_KEY_UISupportedInterfaceOrientations_iPad = "UIInterfaceOrientationPortrait UIInterfaceOrientationPortraitUpsideDown UIInterfaceOrientationLandscapeLeft UIInterfaceOrientationLandscapeRight";
				INFOPLIST_KEY_UISupportedInterfaceOrientations_iPhone = "UIInterfaceOrientationPortrait UIInterfaceOrientationLandscapeLeft UIInterfaceOrientationLandscapeRight";
				LD_RUNPATH_SEARCH_PATHS = (
					"$(inherited)",
					"@executable_path/Frameworks",
				);
				MARKETING_VERSION = 1.0;
				PRODUCT_BUNDLE_IDENTIFIER = "aya-one-lab.one-lab-hw-1";
				PRODUCT_NAME = "$(TARGET_NAME)";
				SWIFT_EMIT_LOC_STRINGS = YES;
				SWIFT_VERSION = 5.0;
				TARGETED_DEVICE_FAMILY = "1,2";
			};
			name = Release;
		};
		03FD5159280885C900487A8B /* Debug */ = {
			isa = XCBuildConfiguration;
			buildSettings = {
				ALWAYS_EMBED_SWIFT_STANDARD_LIBRARIES = YES;
				BUNDLE_LOADER = "$(TEST_HOST)";
				CODE_SIGN_STYLE = Automatic;
				CURRENT_PROJECT_VERSION = 1;
				GENERATE_INFOPLIST_FILE = YES;
				IPHONEOS_DEPLOYMENT_TARGET = 15.4;
				MARKETING_VERSION = 1.0;
				PRODUCT_BUNDLE_IDENTIFIER = "aya-one-lab.one-lab-hw-1Tests";
				PRODUCT_NAME = "$(TARGET_NAME)";
				SWIFT_EMIT_LOC_STRINGS = NO;
				SWIFT_VERSION = 5.0;
				TARGETED_DEVICE_FAMILY = "1,2";
				TEST_HOST = "$(BUILT_PRODUCTS_DIR)/one-lab-hw-1.app/one-lab-hw-1";
			};
			name = Debug;
		};
		03FD515A280885C900487A8B /* Release */ = {
			isa = XCBuildConfiguration;
			buildSettings = {
				ALWAYS_EMBED_SWIFT_STANDARD_LIBRARIES = YES;
				BUNDLE_LOADER = "$(TEST_HOST)";
				CODE_SIGN_STYLE = Automatic;
				CURRENT_PROJECT_VERSION = 1;
				GENERATE_INFOPLIST_FILE = YES;
				IPHONEOS_DEPLOYMENT_TARGET = 15.4;
				MARKETING_VERSION = 1.0;
				PRODUCT_BUNDLE_IDENTIFIER = "aya-one-lab.one-lab-hw-1Tests";
				PRODUCT_NAME = "$(TARGET_NAME)";
				SWIFT_EMIT_LOC_STRINGS = NO;
				SWIFT_VERSION = 5.0;
				TARGETED_DEVICE_FAMILY = "1,2";
				TEST_HOST = "$(BUILT_PRODUCTS_DIR)/one-lab-hw-1.app/one-lab-hw-1";
			};
			name = Release;
		};
		03FD515C280885C900487A8B /* Debug */ = {
			isa = XCBuildConfiguration;
			buildSettings = {
				ALWAYS_EMBED_SWIFT_STANDARD_LIBRARIES = YES;
				CODE_SIGN_STYLE = Automatic;
				CURRENT_PROJECT_VERSION = 1;
				GENERATE_INFOPLIST_FILE = YES;
				MARKETING_VERSION = 1.0;
				PRODUCT_BUNDLE_IDENTIFIER = "aya-one-lab.one-lab-hw-1UITests";
				PRODUCT_NAME = "$(TARGET_NAME)";
				SWIFT_EMIT_LOC_STRINGS = NO;
				SWIFT_VERSION = 5.0;
				TARGETED_DEVICE_FAMILY = "1,2";
				TEST_TARGET_NAME = "one-lab-hw-1";
			};
			name = Debug;
		};
		03FD515D280885C900487A8B /* Release */ = {
			isa = XCBuildConfiguration;
			buildSettings = {
				ALWAYS_EMBED_SWIFT_STANDARD_LIBRARIES = YES;
				CODE_SIGN_STYLE = Automatic;
				CURRENT_PROJECT_VERSION = 1;
				GENERATE_INFOPLIST_FILE = YES;
				MARKETING_VERSION = 1.0;
				PRODUCT_BUNDLE_IDENTIFIER = "aya-one-lab.one-lab-hw-1UITests";
				PRODUCT_NAME = "$(TARGET_NAME)";
				SWIFT_EMIT_LOC_STRINGS = NO;
				SWIFT_VERSION = 5.0;
				TARGETED_DEVICE_FAMILY = "1,2";
				TEST_TARGET_NAME = "one-lab-hw-1";
			};
			name = Release;
		};
/* End XCBuildConfiguration section */

/* Begin XCConfigurationList section */
		03FD5123280885C600487A8B /* Build configuration list for PBXProject "one-lab-hw-1" */ = {
			isa = XCConfigurationList;
			buildConfigurations = (
				03FD5153280885C900487A8B /* Debug */,
				03FD5154280885C900487A8B /* Release */,
			);
			defaultConfigurationIsVisible = 0;
			defaultConfigurationName = Release;
		};
		03FD5155280885C900487A8B /* Build configuration list for PBXNativeTarget "one-lab-hw-1" */ = {
			isa = XCConfigurationList;
			buildConfigurations = (
				03FD5156280885C900487A8B /* Debug */,
				03FD5157280885C900487A8B /* Release */,
			);
			defaultConfigurationIsVisible = 0;
			defaultConfigurationName = Release;
		};
		03FD5158280885C900487A8B /* Build configuration list for PBXNativeTarget "one-lab-hw-1Tests" */ = {
			isa = XCConfigurationList;
			buildConfigurations = (
				03FD5159280885C900487A8B /* Debug */,
				03FD515A280885C900487A8B /* Release */,
			);
			defaultConfigurationIsVisible = 0;
			defaultConfigurationName = Release;
		};
		03FD515B280885C900487A8B /* Build configuration list for PBXNativeTarget "one-lab-hw-1UITests" */ = {
			isa = XCConfigurationList;
			buildConfigurations = (
				03FD515C280885C900487A8B /* Debug */,
				03FD515D280885C900487A8B /* Release */,
			);
			defaultConfigurationIsVisible = 0;
			defaultConfigurationName = Release;
		};
/* End XCConfigurationList section */

/* Begin XCVersionGroup section */
		03FD5134280885C600487A8B /* one_lab_hw_1.xcdatamodeld */ = {
			isa = XCVersionGroup;
			children = (
				03FD5135280885C600487A8B /* one_lab_hw_1.xcdatamodel */,
			);
			currentVersion = 03FD5135280885C600487A8B /* one_lab_hw_1.xcdatamodel */;
			path = one_lab_hw_1.xcdatamodeld;
			sourceTree = "<group>";
			versionGroupType = wrapper.xcdatamodel;
		};
/* End XCVersionGroup section */
	};
	rootObject = 03FD5120280885C600487A8B /* Project object */;
}
